
Microsoft Visual Studio Solution File, Format Version 12.00
# Visual Studio Version 17
VisualStudioVersion = 17.5.33424.131
MinimumVisualStudioVersion = 10.0.40219.1
Project("{FAE04EC0-301F-11D3-BF4B-00C04F79EFBC}") = "WebApp", "WebApp\WebApp.csproj", "{57C7E93F-349C-4F90-8746-3C945F50DB43}"
EndProject
Project("{FAE04EC0-301F-11D3-BF4B-00C04F79EFBC}") = "BLL.Core", "BLL.Core\BLL.Core.csproj", "{85141D96-B11F-4E3B-8118-B0E56B5995BE}"
EndProject
Global
	GlobalSection(SolutionConfigurationPlatforms) = preSolution
		Debug|Any CPU = Debug|Any CPU
		Release|Any CPU = Release|Any CPU
	EndGlobalSection
	GlobalSection(ProjectConfigurationPlatforms) = postSolution
		{57C7E93F-349C-4F90-8746-3C945F50DB43}.Debug|Any CPU.ActiveCfg = Debug|Any CPU
		{57C7E93F-349C-4F90-8746-3C945F50DB43}.Debug|Any CPU.Build.0 = Debug|Any CPU
		{57C7E93F-349C-4F90-8746-3C945F50DB43}.Release|Any CPU.ActiveCfg = Release|Any CPU
		{57C7E93F-349C-4F90-8746-3C945F50DB43}.Release|Any CPU.Build.0 = Release|Any CPU
		{85141D96-B11F-4E3B-8118-B0E56B5995BE}.Debug|Any CPU.ActiveCfg = Debug|Any CPU
		{85141D96-B11F-4E3B-8118-B0E56B5995BE}.Debug|Any CPU.Build.0 = Debug|Any CPU
		{85141D96-B11F-4E3B-8118-B0E56B5995BE}.Release|Any CPU.ActiveCfg = Release|Any CPU
		{85141D96-B11F-4E3B-8118-B0E56B5995BE}.Release|Any CPU.Build.0 = Release|Any CPU
	EndGlobalSection
	GlobalSection(SolutionProperties) = preSolution
		HideSolutionNode = FALSE
	EndGlobalSection
	GlobalSection(ExtensibilityGlobals) = postSolution
		SolutionGuid = {FA30967B-5C2C-41DB-A1FF-3480CC54684B}
	EndGlobalSection
EndGlobal
