
Microsoft Visual Studio Solution File, Format Version 12.00
# Visual Studio Version 17
VisualStudioVersion = 17.5.33424.131
MinimumVisualStudioVersion = 10.0.40219.1
Project("{FAE04EC0-301F-11D3-BF4B-00C04F79EFBC}") = "WebApp", "WebApp\WebApp.csproj", "{57C7E93F-349C-4F90-8746-3C945F50DB43}"
EndProject
Project("{FAE04EC0-301F-11D3-BF4B-00C04F79EFBC}") = "WebApp.BLL.Core", "WebApp.BLL.Core\WebApp.BLL.Core.csproj", "{F277704F-1844-488D-91FB-42BC93F36AAD}"
EndProject
Project("{FAE04EC0-301F-11D3-BF4B-00C04F79EFBC}") = "WebApp.Common.Entities", "WebApp.Common.Entities\WebApp.Common.Entities.csproj", "{F8167C4D-1307-496C-85DA-7ABB7076EB6C}"
EndProject
Project("{FAE04EC0-301F-11D3-BF4B-00C04F79EFBC}") = "WebApp.Common.Libraries", "WebApp.Common.Libraries\WebApp.Common.Libraries.csproj", "{B3A8AA20-8D49-4401-990D-B408BAB37478}"
EndProject
Project("{FAE04EC0-301F-11D3-BF4B-00C04F79EFBC}") = "WebApp.BLL.Interfaces", "WebApp.BLL.Interfaces\WebApp.BLL.Interfaces.csproj", "{B669C036-B36F-4614-BABC-38BF003D19CD}"
EndProject
Project("{FAE04EC0-301F-11D3-BF4B-00C04F79EFBC}") = "WebApp.DAL.Interfaces", "WebApp.DAL.Interfaces\WebApp.DAL.Interfaces.csproj", "{2ADDFED8-C4C7-4F14-A021-497DED139C93}"
EndProject
Project("{FAE04EC0-301F-11D3-BF4B-00C04F79EFBC}") = "WebApp.DAL.File", "WebApp.DAL.File\WebApp.DAL.File.csproj", "{89732EA6-A759-4D74-83D6-516EB4CBA84A}"
EndProject
Project("{FAE04EC0-301F-11D3-BF4B-00C04F79EFBC}") = "WebApp.DAL.SQL", "WebApp.DAL.SQL\WebApp.DAL.SQL.csproj", "{25EE03D7-1115-4DDB-BFA9-0926B750C978}"
EndProject
Global
	GlobalSection(SolutionConfigurationPlatforms) = preSolution
		Debug|Any CPU = Debug|Any CPU
		Release|Any CPU = Release|Any CPU
	EndGlobalSection
	GlobalSection(ProjectConfigurationPlatforms) = postSolution
		{57C7E93F-349C-4F90-8746-3C945F50DB43}.Debug|Any CPU.ActiveCfg = Debug|Any CPU
		{57C7E93F-349C-4F90-8746-3C945F50DB43}.Debug|Any CPU.Build.0 = Debug|Any CPU
		{57C7E93F-349C-4F90-8746-3C945F50DB43}.Release|Any CPU.ActiveCfg = Release|Any CPU
		{57C7E93F-349C-4F90-8746-3C945F50DB43}.Release|Any CPU.Build.0 = Release|Any CPU
		{F277704F-1844-488D-91FB-42BC93F36AAD}.Debug|Any CPU.ActiveCfg = Debug|Any CPU
		{F277704F-1844-488D-91FB-42BC93F36AAD}.Debug|Any CPU.Build.0 = Debug|Any CPU
		{F277704F-1844-488D-91FB-42BC93F36AAD}.Release|Any CPU.ActiveCfg = Release|Any CPU
		{F277704F-1844-488D-91FB-42BC93F36AAD}.Release|Any CPU.Build.0 = Release|Any CPU
		{F8167C4D-1307-496C-85DA-7ABB7076EB6C}.Debug|Any CPU.ActiveCfg = Debug|Any CPU
		{F8167C4D-1307-496C-85DA-7ABB7076EB6C}.Debug|Any CPU.Build.0 = Debug|Any CPU
		{F8167C4D-1307-496C-85DA-7ABB7076EB6C}.Release|Any CPU.ActiveCfg = Release|Any CPU
		{F8167C4D-1307-496C-85DA-7ABB7076EB6C}.Release|Any CPU.Build.0 = Release|Any CPU
		{B3A8AA20-8D49-4401-990D-B408BAB37478}.Debug|Any CPU.ActiveCfg = Debug|Any CPU
		{B3A8AA20-8D49-4401-990D-B408BAB37478}.Debug|Any CPU.Build.0 = Debug|Any CPU
		{B3A8AA20-8D49-4401-990D-B408BAB37478}.Release|Any CPU.ActiveCfg = Release|Any CPU
		{B3A8AA20-8D49-4401-990D-B408BAB37478}.Release|Any CPU.Build.0 = Release|Any CPU
		{B669C036-B36F-4614-BABC-38BF003D19CD}.Debug|Any CPU.ActiveCfg = Debug|Any CPU
		{B669C036-B36F-4614-BABC-38BF003D19CD}.Debug|Any CPU.Build.0 = Debug|Any CPU
		{B669C036-B36F-4614-BABC-38BF003D19CD}.Release|Any CPU.ActiveCfg = Release|Any CPU
		{B669C036-B36F-4614-BABC-38BF003D19CD}.Release|Any CPU.Build.0 = Release|Any CPU
		{2ADDFED8-C4C7-4F14-A021-497DED139C93}.Debug|Any CPU.ActiveCfg = Debug|Any CPU
		{2ADDFED8-C4C7-4F14-A021-497DED139C93}.Debug|Any CPU.Build.0 = Debug|Any CPU
		{2ADDFED8-C4C7-4F14-A021-497DED139C93}.Release|Any CPU.ActiveCfg = Release|Any CPU
		{2ADDFED8-C4C7-4F14-A021-497DED139C93}.Release|Any CPU.Build.0 = Release|Any CPU
		{89732EA6-A759-4D74-83D6-516EB4CBA84A}.Debug|Any CPU.ActiveCfg = Debug|Any CPU
		{89732EA6-A759-4D74-83D6-516EB4CBA84A}.Debug|Any CPU.Build.0 = Debug|Any CPU
		{89732EA6-A759-4D74-83D6-516EB4CBA84A}.Release|Any CPU.ActiveCfg = Release|Any CPU
		{89732EA6-A759-4D74-83D6-516EB4CBA84A}.Release|Any CPU.Build.0 = Release|Any CPU
		{25EE03D7-1115-4DDB-BFA9-0926B750C978}.Debug|Any CPU.ActiveCfg = Debug|Any CPU
		{25EE03D7-1115-4DDB-BFA9-0926B750C978}.Debug|Any CPU.Build.0 = Debug|Any CPU
		{25EE03D7-1115-4DDB-BFA9-0926B750C978}.Release|Any CPU.ActiveCfg = Release|Any CPU
		{25EE03D7-1115-4DDB-BFA9-0926B750C978}.Release|Any CPU.Build.0 = Release|Any CPU
	EndGlobalSection
	GlobalSection(SolutionProperties) = preSolution
		HideSolutionNode = FALSE
	EndGlobalSection
	GlobalSection(ExtensibilityGlobals) = postSolution
		SolutionGuid = {FA30967B-5C2C-41DB-A1FF-3480CC54684B}
	EndGlobalSection
EndGlobal
